
Microsoft Visual Studio Solution File, Format Version 12.00
# Visual Studio Version 17
VisualStudioVersion = 17.11.35219.272
MinimumVisualStudioVersion = 10.0.40219.1
Project("{FAE04EC0-301F-11D3-BF4B-00C04F79EFBC}") = "AseguradoraApi", "AseguradoraApi\AseguradoraApi.csproj", "{AD5CF3E8-0D72-4752-B7EC-B70572210CB7}"
EndProject
Global
	GlobalSection(SolutionConfigurationPlatforms) = preSolution
		Debug|Any CPU = Debug|Any CPU
		Release|Any CPU = Release|Any CPU
	EndGlobalSection
	GlobalSection(ProjectConfigurationPlatforms) = postSolution
		{AD5CF3E8-0D72-4752-B7EC-B70572210CB7}.Debug|Any CPU.ActiveCfg = Debug|Any CPU
		{AD5CF3E8-0D72-4752-B7EC-B70572210CB7}.Debug|Any CPU.Build.0 = Debug|Any CPU
		{AD5CF3E8-0D72-4752-B7EC-B70572210CB7}.Release|Any CPU.ActiveCfg = Release|Any CPU
		{AD5CF3E8-0D72-4752-B7EC-B70572210CB7}.Release|Any CPU.Build.0 = Release|Any CPU
	EndGlobalSection
	GlobalSection(SolutionProperties) = preSolution
		HideSolutionNode = FALSE
	EndGlobalSection
	GlobalSection(ExtensibilityGlobals) = postSolution
		SolutionGuid = {06509A03-38C9-445B-8465-6C5F913FD701}
	EndGlobalSection
EndGlobal
